// !$*UTF8*$!
{
	archiveVersion = 1;
	classes = {
	};
	objectVersion = 55;
	objects = {

/* Begin PBXBuildFile section */
		3F3E668F286C2D9F002AF9B3 /* SelectedSize.swift in Sources */ = {isa = PBXBuildFile; fileRef = 3F3E668E286C2D9F002AF9B3 /* SelectedSize.swift */; };
		3F63D5292865610D00A17D66 /* AppDelegate.swift in Sources */ = {isa = PBXBuildFile; fileRef = 3F63D5282865610D00A17D66 /* AppDelegate.swift */; };
		3F63D52B2865610D00A17D66 /* ContentView.swift in Sources */ = {isa = PBXBuildFile; fileRef = 3F63D52A2865610D00A17D66 /* ContentView.swift */; };
		3F63D52D2865610D00A17D66 /* Experience.rcproject in Sources */ = {isa = PBXBuildFile; fileRef = 3F63D52C2865610D00A17D66 /* Experience.rcproject */; };
		3F63D52F2865611000A17D66 /* Assets.xcassets in Resources */ = {isa = PBXBuildFile; fileRef = 3F63D52E2865611000A17D66 /* Assets.xcassets */; };
		3F63D5322865611000A17D66 /* Preview Assets.xcassets in Resources */ = {isa = PBXBuildFile; fileRef = 3F63D5312865611000A17D66 /* Preview Assets.xcassets */; };
		3F63D539286562D300A17D66 /* MainView.swift in Sources */ = {isa = PBXBuildFile; fileRef = 3F63D538286562D300A17D66 /* MainView.swift */; };
		3F63D53F2865651200A17D66 /* e327a270-62a7-49a6-ae1c-035440b582d9-6.usdz in Resources */ = {isa = PBXBuildFile; fileRef = 3F63D53D2865651100A17D66 /* e327a270-62a7-49a6-ae1c-035440b582d9-6.usdz */; };
		3F63D5462865658900A17D66 /* Products.swift in Sources */ = {isa = PBXBuildFile; fileRef = 3F63D5452865658900A17D66 /* Products.swift */; };
		3F63D5482865669E00A17D66 /* CartManager.swift in Sources */ = {isa = PBXBuildFile; fileRef = 3F63D5472865669E00A17D66 /* CartManager.swift */; };
		3F63D54A2865675400A17D66 /* ProductView.swift in Sources */ = {isa = PBXBuildFile; fileRef = 3F63D5492865675400A17D66 /* ProductView.swift */; };
		3F63D54C28656AA800A17D66 /* CartView.swift in Sources */ = {isa = PBXBuildFile; fileRef = 3F63D54B28656AA800A17D66 /* CartView.swift */; };
		3F63D54E28656ADE00A17D66 /* ProductRow.swift in Sources */ = {isa = PBXBuildFile; fileRef = 3F63D54D28656ADE00A17D66 /* ProductRow.swift */; };
		3F63D55028656B2700A17D66 /* CartButton.swift in Sources */ = {isa = PBXBuildFile; fileRef = 3F63D54F28656B2700A17D66 /* CartButton.swift */; };
		3F63D55228659B3900A17D66 /* UIVideoPlayer.swift in Sources */ = {isa = PBXBuildFile; fileRef = 3F63D55128659B3900A17D66 /* UIVideoPlayer.swift */; };
		3F63D55428659DD000A17D66 /* video 2.MOV in Resources */ = {isa = PBXBuildFile; fileRef = 3F63D55328659DCF00A17D66 /* video 2.MOV */; };
		3FAA206128BF09440084FEC6 /* LayoutTest.swift in Sources */ = {isa = PBXBuildFile; fileRef = 3FAA206028BF09440084FEC6 /* LayoutTest.swift */; };
		3FE373FA286D57F600BDEEB7 /* bird22.usdz in Resources */ = {isa = PBXBuildFile; fileRef = 3FE373F9286D57F600BDEEB7 /* bird22.usdz */; };
		3FE373FC286D5A1300BDEEB7 /* a90b7113-cb6b-4af7-9c3f-f8979ec87ff2.usdz in Resources */ = {isa = PBXBuildFile; fileRef = 3FE373FB286D5A1300BDEEB7 /* a90b7113-cb6b-4af7-9c3f-f8979ec87ff2.usdz */; };
		3FE3740028780D3500BDEEB7 /* e327a270-62a7-49a6-ae1c-035440b582d9-8.usdz in Resources */ = {isa = PBXBuildFile; fileRef = 3FE373FD28780D3500BDEEB7 /* e327a270-62a7-49a6-ae1c-035440b582d9-8.usdz */; };
		3FE3740128780D3500BDEEB7 /* e327a270-62a7-49a6-ae1c-035440b582d9-4.usdz in Resources */ = {isa = PBXBuildFile; fileRef = 3FE373FE28780D3500BDEEB7 /* e327a270-62a7-49a6-ae1c-035440b582d9-4.usdz */; };
		3FE3740228780D3500BDEEB7 /* e327a270-62a7-49a6-ae1c-035440b582d9-7.usdz in Resources */ = {isa = PBXBuildFile; fileRef = 3FE373FF28780D3500BDEEB7 /* e327a270-62a7-49a6-ae1c-035440b582d9-7.usdz */; };
		3FE374042878115800BDEEB7 /* PaymentButton.swift in Sources */ = {isa = PBXBuildFile; fileRef = 3FE374032878115800BDEEB7 /* PaymentButton.swift */; };
		3FE374072878144900BDEEB7 /* PaymentHandler.swift in Sources */ = {isa = PBXBuildFile; fileRef = 3FE374062878144900BDEEB7 /* PaymentHandler.swift */; };
/* End PBXBuildFile section */

/* Begin PBXFileReference section */
		3F3E668E286C2D9F002AF9B3 /* SelectedSize.swift */ = {isa = PBXFileReference; lastKnownFileType = sourcecode.swift; path = SelectedSize.swift; sourceTree = "<group>"; };
		3F63D5252865610D00A17D66 /* Hard Copy.app */ = {isa = PBXFileReference; explicitFileType = wrapper.application; includeInIndex = 0; path = "Hard Copy.app"; sourceTree = BUILT_PRODUCTS_DIR; };
		3F63D5282865610D00A17D66 /* AppDelegate.swift */ = {isa = PBXFileReference; lastKnownFileType = sourcecode.swift; path = AppDelegate.swift; sourceTree = "<group>"; };
		3F63D52A2865610D00A17D66 /* ContentView.swift */ = {isa = PBXFileReference; lastKnownFileType = sourcecode.swift; path = ContentView.swift; sourceTree = "<group>"; };
		3F63D52C2865610D00A17D66 /* Experience.rcproject */ = {isa = PBXFileReference; lastKnownFileType = file.rcproject; path = Experience.rcproject; sourceTree = "<group>"; };
		3F63D52E2865611000A17D66 /* Assets.xcassets */ = {isa = PBXFileReference; lastKnownFileType = folder.assetcatalog; path = Assets.xcassets; sourceTree = "<group>"; };
		3F63D5312865611000A17D66 /* Preview Assets.xcassets */ = {isa = PBXFileReference; lastKnownFileType = folder.assetcatalog; path = "Preview Assets.xcassets"; sourceTree = "<group>"; };
		3F63D538286562D300A17D66 /* MainView.swift */ = {isa = PBXFileReference; lastKnownFileType = sourcecode.swift; path = MainView.swift; sourceTree = "<group>"; };
		3F63D53D2865651100A17D66 /* e327a270-62a7-49a6-ae1c-035440b582d9-6.usdz */ = {isa = PBXFileReference; lastKnownFileType = file.usdz; name = "e327a270-62a7-49a6-ae1c-035440b582d9-6.usdz"; path = "../../../../../Downloads/e327a270-62a7-49a6-ae1c-035440b582d9-6.usdz"; sourceTree = "<group>"; };
		3F63D5452865658900A17D66 /* Products.swift */ = {isa = PBXFileReference; lastKnownFileType = sourcecode.swift; path = Products.swift; sourceTree = "<group>"; };
		3F63D5472865669E00A17D66 /* CartManager.swift */ = {isa = PBXFileReference; lastKnownFileType = sourcecode.swift; path = CartManager.swift; sourceTree = "<group>"; };
		3F63D5492865675400A17D66 /* ProductView.swift */ = {isa = PBXFileReference; lastKnownFileType = sourcecode.swift; path = ProductView.swift; sourceTree = "<group>"; };
		3F63D54B28656AA800A17D66 /* CartView.swift */ = {isa = PBXFileReference; lastKnownFileType = sourcecode.swift; path = CartView.swift; sourceTree = "<group>"; };
		3F63D54D28656ADE00A17D66 /* ProductRow.swift */ = {isa = PBXFileReference; lastKnownFileType = sourcecode.swift; path = ProductRow.swift; sourceTree = "<group>"; };
		3F63D54F28656B2700A17D66 /* CartButton.swift */ = {isa = PBXFileReference; lastKnownFileType = sourcecode.swift; path = CartButton.swift; sourceTree = "<group>"; };
		3F63D55128659B3900A17D66 /* UIVideoPlayer.swift */ = {isa = PBXFileReference; lastKnownFileType = sourcecode.swift; path = UIVideoPlayer.swift; sourceTree = "<group>"; };
		3F63D55328659DCF00A17D66 /* video 2.MOV */ = {isa = PBXFileReference; lastKnownFileType = video.quicktime; name = "video 2.MOV"; path = "../../../../../Downloads/video 2.MOV"; sourceTree = "<group>"; };
		3FAA206028BF09440084FEC6 /* LayoutTest.swift */ = {isa = PBXFileReference; lastKnownFileType = sourcecode.swift; path = LayoutTest.swift; sourceTree = "<group>"; };
		3FE373F9286D57F600BDEEB7 /* bird22.usdz */ = {isa = PBXFileReference; lastKnownFileType = file.usdz; name = bird22.usdz; path = ../../../../bird22.usdz; sourceTree = "<group>"; };
		3FE373FB286D5A1300BDEEB7 /* a90b7113-cb6b-4af7-9c3f-f8979ec87ff2.usdz */ = {isa = PBXFileReference; lastKnownFileType = file.usdz; name = "a90b7113-cb6b-4af7-9c3f-f8979ec87ff2.usdz"; path = "../../../../../Downloads/a90b7113-cb6b-4af7-9c3f-f8979ec87ff2.usdz"; sourceTree = "<group>"; };
		3FE373FD28780D3500BDEEB7 /* e327a270-62a7-49a6-ae1c-035440b582d9-8.usdz */ = {isa = PBXFileReference; lastKnownFileType = file.usdz; name = "e327a270-62a7-49a6-ae1c-035440b582d9-8.usdz"; path = "../../../../../Downloads/e327a270-62a7-49a6-ae1c-035440b582d9-8.usdz"; sourceTree = "<group>"; };
		3FE373FE28780D3500BDEEB7 /* e327a270-62a7-49a6-ae1c-035440b582d9-4.usdz */ = {isa = PBXFileReference; lastKnownFileType = file.usdz; name = "e327a270-62a7-49a6-ae1c-035440b582d9-4.usdz"; path = "../../../../../Downloads/e327a270-62a7-49a6-ae1c-035440b582d9-4.usdz"; sourceTree = "<group>"; };
		3FE373FF28780D3500BDEEB7 /* e327a270-62a7-49a6-ae1c-035440b582d9-7.usdz */ = {isa = PBXFileReference; lastKnownFileType = file.usdz; name = "e327a270-62a7-49a6-ae1c-035440b582d9-7.usdz"; path = "../../../../../Downloads/e327a270-62a7-49a6-ae1c-035440b582d9-7.usdz"; sourceTree = "<group>"; };
		3FE374032878115800BDEEB7 /* PaymentButton.swift */ = {isa = PBXFileReference; lastKnownFileType = sourcecode.swift; path = PaymentButton.swift; sourceTree = "<group>"; };
		3FE37405287813FC00BDEEB7 /* Hard Copy.entitlements */ = {isa = PBXFileReference; lastKnownFileType = text.plist.entitlements; path = "Hard Copy.entitlements"; sourceTree = "<group>"; };
		3FE374062878144900BDEEB7 /* PaymentHandler.swift */ = {isa = PBXFileReference; lastKnownFileType = sourcecode.swift; path = PaymentHandler.swift; sourceTree = "<group>"; };
/* End PBXFileReference section */

/* Begin PBXFrameworksBuildPhase section */
		3F63D5222865610D00A17D66 /* Frameworks */ = {
			isa = PBXFrameworksBuildPhase;
			buildActionMask = 2147483647;
			files = (
			);
			runOnlyForDeploymentPostprocessing = 0;
		};
/* End PBXFrameworksBuildPhase section */

/* Begin PBXGroup section */
		3F63D51C2865610D00A17D66 = {
			isa = PBXGroup;
			children = (
				3FE374062878144900BDEEB7 /* PaymentHandler.swift */,
				3F3E668E286C2D9F002AF9B3 /* SelectedSize.swift */,
				3F63D55128659B3900A17D66 /* UIVideoPlayer.swift */,
				3F63D54F28656B2700A17D66 /* CartButton.swift */,
				3FAA206028BF09440084FEC6 /* LayoutTest.swift */,
				3F63D54D28656ADE00A17D66 /* ProductRow.swift */,
				3F63D54B28656AA800A17D66 /* CartView.swift */,
				3F63D5492865675400A17D66 /* ProductView.swift */,
				3F63D5472865669E00A17D66 /* CartManager.swift */,
				3F63D5452865658900A17D66 /* Products.swift */,
				3FE374032878115800BDEEB7 /* PaymentButton.swift */,
				3F63D5272865610D00A17D66 /* Hard Copy */,
				3F63D5262865610D00A17D66 /* Products */,
			);
			sourceTree = "<group>";
		};
		3F63D5262865610D00A17D66 /* Products */ = {
			isa = PBXGroup;
			children = (
				3F63D5252865610D00A17D66 /* Hard Copy.app */,
			);
			name = Products;
			sourceTree = "<group>";
		};
		3F63D5272865610D00A17D66 /* Hard Copy */ = {
			isa = PBXGroup;
			children = (
				3FE37405287813FC00BDEEB7 /* Hard Copy.entitlements */,
				3F63D55328659DCF00A17D66 /* video 2.MOV */,
				3FE373FE28780D3500BDEEB7 /* e327a270-62a7-49a6-ae1c-035440b582d9-4.usdz */,
				3FE373FF28780D3500BDEEB7 /* e327a270-62a7-49a6-ae1c-035440b582d9-7.usdz */,
				3FE373FD28780D3500BDEEB7 /* e327a270-62a7-49a6-ae1c-035440b582d9-8.usdz */,
				3F63D53D2865651100A17D66 /* e327a270-62a7-49a6-ae1c-035440b582d9-6.usdz */,
				3F63D52A2865610D00A17D66 /* ContentView.swift */,
				3F63D53A286562F100A17D66 /* Views */,
				3F63D5282865610D00A17D66 /* AppDelegate.swift */,
				3F63D52C2865610D00A17D66 /* Experience.rcproject */,
				3FE373FB286D5A1300BDEEB7 /* a90b7113-cb6b-4af7-9c3f-f8979ec87ff2.usdz */,
				3FE373F9286D57F600BDEEB7 /* bird22.usdz */,
				3F63D52E2865611000A17D66 /* Assets.xcassets */,
				3F63D5302865611000A17D66 /* Preview Content */,
			);
			path = "Hard Copy";
			sourceTree = "<group>";
		};
		3F63D5302865611000A17D66 /* Preview Content */ = {
			isa = PBXGroup;
			children = (
				3F63D5312865611000A17D66 /* Preview Assets.xcassets */,
			);
			path = "Preview Content";
			sourceTree = "<group>";
		};
		3F63D53A286562F100A17D66 /* Views */ = {
			isa = PBXGroup;
			children = (
				3F63D538286562D300A17D66 /* MainView.swift */,
			);
			path = Views;
			sourceTree = "<group>";
		};
/* End PBXGroup section */

/* Begin PBXNativeTarget section */
		3F63D5242865610D00A17D66 /* Hard Copy */ = {
			isa = PBXNativeTarget;
			buildConfigurationList = 3F63D5352865611000A17D66 /* Build configuration list for PBXNativeTarget "Hard Copy" */;
			buildPhases = (
				3F63D5212865610D00A17D66 /* Sources */,
				3F63D5222865610D00A17D66 /* Frameworks */,
				3F63D5232865610D00A17D66 /* Resources */,
			);
			buildRules = (
			);
			dependencies = (
			);
			name = "Hard Copy";
			productName = "Hard Copy";
			productReference = 3F63D5252865610D00A17D66 /* Hard Copy.app */;
			productType = "com.apple.product-type.application";
		};
/* End PBXNativeTarget section */

/* Begin PBXProject section */
		3F63D51D2865610D00A17D66 /* Project object */ = {
			isa = PBXProject;
			attributes = {
				BuildIndependentTargetsInParallel = 1;
				LastSwiftUpdateCheck = 1340;
				LastUpgradeCheck = 1340;
				TargetAttributes = {
					3F63D5242865610D00A17D66 = {
						CreatedOnToolsVersion = 13.4.1;
					};
				};
			};
			buildConfigurationList = 3F63D5202865610D00A17D66 /* Build configuration list for PBXProject "Hard Copy" */;
			compatibilityVersion = "Xcode 13.0";
			developmentRegion = en;
			hasScannedForEncodings = 0;
			knownRegions = (
				en,
				Base,
			);
			mainGroup = 3F63D51C2865610D00A17D66;
			productRefGroup = 3F63D5262865610D00A17D66 /* Products */;
			projectDirPath = "";
			projectRoot = "";
			targets = (
				3F63D5242865610D00A17D66 /* Hard Copy */,
			);
		};
/* End PBXProject section */

/* Begin PBXResourcesBuildPhase section */
		3F63D5232865610D00A17D66 /* Resources */ = {
			isa = PBXResourcesBuildPhase;
			buildActionMask = 2147483647;
			files = (
				3F63D5322865611000A17D66 /* Preview Assets.xcassets in Resources */,
				3FE3740228780D3500BDEEB7 /* e327a270-62a7-49a6-ae1c-035440b582d9-7.usdz in Resources */,
				3FE373FC286D5A1300BDEEB7 /* a90b7113-cb6b-4af7-9c3f-f8979ec87ff2.usdz in Resources */,
				3F63D52F2865611000A17D66 /* Assets.xcassets in Resources */,
				3F63D55428659DD000A17D66 /* video 2.MOV in Resources */,
				3FE3740128780D3500BDEEB7 /* e327a270-62a7-49a6-ae1c-035440b582d9-4.usdz in Resources */,
				3FE3740028780D3500BDEEB7 /* e327a270-62a7-49a6-ae1c-035440b582d9-8.usdz in Resources */,
				3FE373FA286D57F600BDEEB7 /* bird22.usdz in Resources */,
				3F63D53F2865651200A17D66 /* e327a270-62a7-49a6-ae1c-035440b582d9-6.usdz in Resources */,
			);
			runOnlyForDeploymentPostprocessing = 0;
		};
/* End PBXResourcesBuildPhase section */

/* Begin PBXSourcesBuildPhase section */
		3F63D5212865610D00A17D66 /* Sources */ = {
			isa = PBXSourcesBuildPhase;
			buildActionMask = 2147483647;
			files = (
				3F63D52B2865610D00A17D66 /* ContentView.swift in Sources */,
				3F63D5482865669E00A17D66 /* CartManager.swift in Sources */,
				3F63D539286562D300A17D66 /* MainView.swift in Sources */,
				3FE374072878144900BDEEB7 /* PaymentHandler.swift in Sources */,
				3F63D5462865658900A17D66 /* Products.swift in Sources */,
				3F63D54A2865675400A17D66 /* ProductView.swift in Sources */,
				3FAA206128BF09440084FEC6 /* LayoutTest.swift in Sources */,
				3F63D5292865610D00A17D66 /* AppDelegate.swift in Sources */,
				3F63D54C28656AA800A17D66 /* CartView.swift in Sources */,
				3F63D52D2865610D00A17D66 /* Experience.rcproject in Sources */,
				3FE374042878115800BDEEB7 /* PaymentButton.swift in Sources */,
				3F63D55228659B3900A17D66 /* UIVideoPlayer.swift in Sources */,
				3F3E668F286C2D9F002AF9B3 /* SelectedSize.swift in Sources */,
				3F63D54E28656ADE00A17D66 /* ProductRow.swift in Sources */,
				3F63D55028656B2700A17D66 /* CartButton.swift in Sources */,
			);
			runOnlyForDeploymentPostprocessing = 0;
		};
/* End PBXSourcesBuildPhase section */

/* Begin XCBuildConfiguration section */
		3F63D5332865611000A17D66 /* Debug */ = {
			isa = XCBuildConfiguration;
			buildSettings = {
				ALWAYS_SEARCH_USER_PATHS = NO;
				CLANG_ANALYZER_NONNULL = YES;
				CLANG_ANALYZER_NUMBER_OBJECT_CONVERSION = YES_AGGRESSIVE;
				CLANG_CXX_LANGUAGE_STANDARD = "gnu++17";
				CLANG_ENABLE_MODULES = YES;
				CLANG_ENABLE_OBJC_ARC = YES;
				CLANG_ENABLE_OBJC_WEAK = YES;
				CLANG_WARN_BLOCK_CAPTURE_AUTORELEASING = YES;
				CLANG_WARN_BOOL_CONVERSION = YES;
				CLANG_WARN_COMMA = YES;
				CLANG_WARN_CONSTANT_CONVERSION = YES;
				CLANG_WARN_DEPRECATED_OBJC_IMPLEMENTATIONS = YES;
				CLANG_WARN_DIRECT_OBJC_ISA_USAGE = YES_ERROR;
				CLANG_WARN_DOCUMENTATION_COMMENTS = YES;
				CLANG_WARN_EMPTY_BODY = YES;
				CLANG_WARN_ENUM_CONVERSION = YES;
				CLANG_WARN_INFINITE_RECURSION = YES;
				CLANG_WARN_INT_CONVERSION = YES;
				CLANG_WARN_NON_LITERAL_NULL_CONVERSION = YES;
				CLANG_WARN_OBJC_IMPLICIT_RETAIN_SELF = YES;
				CLANG_WARN_OBJC_LITERAL_CONVERSION = YES;
				CLANG_WARN_OBJC_ROOT_CLASS = YES_ERROR;
				CLANG_WARN_QUOTED_INCLUDE_IN_FRAMEWORK_HEADER = YES;
				CLANG_WARN_RANGE_LOOP_ANALYSIS = YES;
				CLANG_WARN_STRICT_PROTOTYPES = YES;
				CLANG_WARN_SUSPICIOUS_MOVE = YES;
				CLANG_WARN_UNGUARDED_AVAILABILITY = YES_AGGRESSIVE;
				CLANG_WARN_UNREACHABLE_CODE = YES;
				CLANG_WARN__DUPLICATE_METHOD_MATCH = YES;
				COPY_PHASE_STRIP = NO;
				DEBUG_INFORMATION_FORMAT = dwarf;
				ENABLE_STRICT_OBJC_MSGSEND = YES;
				ENABLE_TESTABILITY = YES;
				GCC_C_LANGUAGE_STANDARD = gnu11;
				GCC_DYNAMIC_NO_PIC = NO;
				GCC_NO_COMMON_BLOCKS = YES;
				GCC_OPTIMIZATION_LEVEL = 0;
				GCC_PREPROCESSOR_DEFINITIONS = (
					"DEBUG=1",
					"$(inherited)",
				);
				GCC_WARN_64_TO_32_BIT_CONVERSION = YES;
				GCC_WARN_ABOUT_RETURN_TYPE = YES_ERROR;
				GCC_WARN_UNDECLARED_SELECTOR = YES;
				GCC_WARN_UNINITIALIZED_AUTOS = YES_AGGRESSIVE;
				GCC_WARN_UNUSED_FUNCTION = YES;
				GCC_WARN_UNUSED_VARIABLE = YES;
				IPHONEOS_DEPLOYMENT_TARGET = 15.5;
				MTL_ENABLE_DEBUG_INFO = INCLUDE_SOURCE;
				MTL_FAST_MATH = YES;
				ONLY_ACTIVE_ARCH = YES;
				SDKROOT = iphoneos;
				SWIFT_ACTIVE_COMPILATION_CONDITIONS = DEBUG;
				SWIFT_OPTIMIZATION_LEVEL = "-Onone";
			};
			name = Debug;
		};
		3F63D5342865611000A17D66 /* Release */ = {
			isa = XCBuildConfiguration;
			buildSettings = {
				ALWAYS_SEARCH_USER_PATHS = NO;
				CLANG_ANALYZER_NONNULL = YES;
				CLANG_ANALYZER_NUMBER_OBJECT_CONVERSION = YES_AGGRESSIVE;
				CLANG_CXX_LANGUAGE_STANDARD = "gnu++17";
				CLANG_ENABLE_MODULES = YES;
				CLANG_ENABLE_OBJC_ARC = YES;
				CLANG_ENABLE_OBJC_WEAK = YES;
				CLANG_WARN_BLOCK_CAPTURE_AUTORELEASING = YES;
				CLANG_WARN_BOOL_CONVERSION = YES;
				CLANG_WARN_COMMA = YES;
				CLANG_WARN_CONSTANT_CONVERSION = YES;
				CLANG_WARN_DEPRECATED_OBJC_IMPLEMENTATIONS = YES;
				CLANG_WARN_DIRECT_OBJC_ISA_USAGE = YES_ERROR;
				CLANG_WARN_DOCUMENTATION_COMMENTS = YES;
				CLANG_WARN_EMPTY_BODY = YES;
				CLANG_WARN_ENUM_CONVERSION = YES;
				CLANG_WARN_INFINITE_RECURSION = YES;
				CLANG_WARN_INT_CONVERSION = YES;
				CLANG_WARN_NON_LITERAL_NULL_CONVERSION = YES;
				CLANG_WARN_OBJC_IMPLICIT_RETAIN_SELF = YES;
				CLANG_WARN_OBJC_LITERAL_CONVERSION = YES;
				CLANG_WARN_OBJC_ROOT_CLASS = YES_ERROR;
				CLANG_WARN_QUOTED_INCLUDE_IN_FRAMEWORK_HEADER = YES;
				CLANG_WARN_RANGE_LOOP_ANALYSIS = YES;
				CLANG_WARN_STRICT_PROTOTYPES = YES;
				CLANG_WARN_SUSPICIOUS_MOVE = YES;
				CLANG_WARN_UNGUARDED_AVAILABILITY = YES_AGGRESSIVE;
				CLANG_WARN_UNREACHABLE_CODE = YES;
				CLANG_WARN__DUPLICATE_METHOD_MATCH = YES;
				COPY_PHASE_STRIP = NO;
				DEBUG_INFORMATION_FORMAT = "dwarf-with-dsym";
				ENABLE_NS_ASSERTIONS = NO;
				ENABLE_STRICT_OBJC_MSGSEND = YES;
				GCC_C_LANGUAGE_STANDARD = gnu11;
				GCC_NO_COMMON_BLOCKS = YES;
				GCC_WARN_64_TO_32_BIT_CONVERSION = YES;
				GCC_WARN_ABOUT_RETURN_TYPE = YES_ERROR;
				GCC_WARN_UNDECLARED_SELECTOR = YES;
				GCC_WARN_UNINITIALIZED_AUTOS = YES_AGGRESSIVE;
				GCC_WARN_UNUSED_FUNCTION = YES;
				GCC_WARN_UNUSED_VARIABLE = YES;
				IPHONEOS_DEPLOYMENT_TARGET = 15.5;
				MTL_ENABLE_DEBUG_INFO = NO;
				MTL_FAST_MATH = YES;
				SDKROOT = iphoneos;
				SWIFT_COMPILATION_MODE = wholemodule;
				SWIFT_OPTIMIZATION_LEVEL = "-O";
				VALIDATE_PRODUCT = YES;
			};
			name = Release;
		};
		3F63D5362865611000A17D66 /* Debug */ = {
			isa = XCBuildConfiguration;
			buildSettings = {
				ASSETCATALOG_COMPILER_APPICON_NAME = AppIcon;
				ASSETCATALOG_COMPILER_GLOBAL_ACCENT_COLOR_NAME = AccentColor;
				CODE_SIGN_ENTITLEMENTS = "Hard Copy/Hard Copy.entitlements";
				CODE_SIGN_STYLE = Automatic;
				CURRENT_PROJECT_VERSION = 1;
				DEVELOPMENT_ASSET_PATHS = "\"Hard Copy/Preview Content\"";
				DEVELOPMENT_TEAM = 437F5WEV5N;
				ENABLE_PREVIEWS = YES;
				GENERATE_INFOPLIST_FILE = YES;
				INFOPLIST_KEY_NSCameraUsageDescription = "Allow Camera Access to Scan Graphics on Back of Shirt";
				INFOPLIST_KEY_UIApplicationSupportsIndirectInputEvents = YES;
				INFOPLIST_KEY_UILaunchScreen_Generation = YES;
				INFOPLIST_KEY_UIRequiredDeviceCapabilities = arkit;
				INFOPLIST_KEY_UIStatusBarHidden = YES;
				INFOPLIST_KEY_UISupportedInterfaceOrientations_iPad = "UIInterfaceOrientationPortrait UIInterfaceOrientationLandscapeLeft UIInterfaceOrientationLandscapeRight UIInterfaceOrientationPortraitUpsideDown";
				INFOPLIST_KEY_UISupportedInterfaceOrientations_iPhone = UIInterfaceOrientationPortrait;
				LD_RUNPATH_SEARCH_PATHS = (
					"$(inherited)",
					"@executable_path/Frameworks",
				);
				MARKETING_VERSION = 1.0;
				PRODUCT_BUNDLE_IDENTIFIER = "com.hard--copy.Hard-Copyapp";
				PRODUCT_NAME = "$(TARGET_NAME)";
				SWIFT_EMIT_LOC_STRINGS = YES;
				SWIFT_VERSION = 5.0;
				TARGETED_DEVICE_FAMILY = "1,2";
			};
			name = Debug;
		};
		3F63D5372865611000A17D66 /* Release */ = {
			isa = XCBuildConfiguration;
			buildSettings = {
				ASSETCATALOG_COMPILER_APPICON_NAME = AppIcon;
				ASSETCATALOG_COMPILER_GLOBAL_ACCENT_COLOR_NAME = AccentColor;
				CODE_SIGN_ENTITLEMENTS = "Hard Copy/Hard Copy.entitlements";
				CODE_SIGN_STYLE = Automatic;
				CURRENT_PROJECT_VERSION = 1;
				DEVELOPMENT_ASSET_PATHS = "\"Hard Copy/Preview Content\"";
				DEVELOPMENT_TEAM = 437F5WEV5N;
				ENABLE_PREVIEWS = YES;
				GENERATE_INFOPLIST_FILE = YES;
				INFOPLIST_KEY_NSCameraUsageDescription = "Allow Camera Access to Scan Graphics on Back of Shirt";
				INFOPLIST_KEY_UIApplicationSupportsIndirectInputEvents = YES;
				INFOPLIST_KEY_UILaunchScreen_Generation = YES;
				INFOPLIST_KEY_UIRequiredDeviceCapabilities = arkit;
				INFOPLIST_KEY_UIStatusBarHidden = YES;
				INFOPLIST_KEY_UISupportedInterfaceOrientations_iPad = "UIInterfaceOrientationPortrait UIInterfaceOrientationLandscapeLeft UIInterfaceOrientationLandscapeRight UIInterfaceOrientationPortraitUpsideDown";
				INFOPLIST_KEY_UISupportedInterfaceOrientations_iPhone = UIInterfaceOrientationPortrait;
				LD_RUNPATH_SEARCH_PATHS = (
					"$(inherited)",
					"@executable_path/Frameworks",
				);
				MARKETING_VERSION = 1.0;
				PRODUCT_BUNDLE_IDENTIFIER = "com.hard--copy.Hard-Copyapp";
				PRODUCT_NAME = "$(TARGET_NAME)";
				SWIFT_EMIT_LOC_STRINGS = YES;
				SWIFT_VERSION = 5.0;
				TARGETED_DEVICE_FAMILY = "1,2";
			};
			name = Release;
		};
/* End XCBuildConfiguration section */

/* Begin XCConfigurationList section */
		3F63D5202865610D00A17D66 /* Build configuration list for PBXProject "Hard Copy" */ = {
			isa = XCConfigurationList;
			buildConfigurations = (
				3F63D5332865611000A17D66 /* Debug */,
				3F63D5342865611000A17D66 /* Release */,
			);
			defaultConfigurationIsVisible = 0;
			defaultConfigurationName = Release;
		};
		3F63D5352865611000A17D66 /* Build configuration list for PBXNativeTarget "Hard Copy" */ = {
			isa = XCConfigurationList;
			buildConfigurations = (
				3F63D5362865611000A17D66 /* Debug */,
				3F63D5372865611000A17D66 /* Release */,
			);
			defaultConfigurationIsVisible = 0;
			defaultConfigurationName = Release;
		};
/* End XCConfigurationList section */
	};
	rootObject = 3F63D51D2865610D00A17D66 /* Project object */;
}
